
Microsoft Visual Studio Solution File, Format Version 12.00
# Visual Studio Version 17
VisualStudioVersion = 17.14.37111.16
MinimumVisualStudioVersion = 10.0.40219.1
Project("{FAE04EC0-301F-11D3-BF4B-00C04F79EFBC}") = "ThreadSafetClassAnalyser", "ThreadSafetClassAnalyser\ThreadSafetClassAnalyser.csproj", "{0CB8F14D-EDDF-488C-BB98-5BCA07759CE3}"
EndProject
Project("{FAE04EC0-301F-11D3-BF4B-00C04F79EFBC}") = "ThreadSafetClassAnalyser.CodeFixes", "ThreadSafetClassAnalyser.CodeFixes\ThreadSafetClassAnalyser.CodeFixes.csproj", "{6406FB27-43C6-4016-87E0-BB930E0CF5AC}"
EndProject
Project("{FAE04EC0-301F-11D3-BF4B-00C04F79EFBC}") = "ThreadSafetClassAnalyser.Package", "ThreadSafetClassAnalyser.Package\ThreadSafetClassAnalyser.Package.csproj", "{EC7A11C2-B37A-4C35-81DB-33F2A82EAE36}"
EndProject
Project("{FAE04EC0-301F-11D3-BF4B-00C04F79EFBC}") = "ThreadSafetClassAnalyser.Test", "ThreadSafetClassAnalyser.Test\ThreadSafetClassAnalyser.Test.csproj", "{558A2FE3-5D6D-484F-AB7A-EF824B7F45FB}"
EndProject
Project("{FAE04EC0-301F-11D3-BF4B-00C04F79EFBC}") = "ThreadSafetClassAnalyser.Vsix", "ThreadSafetClassAnalyser.Vsix\ThreadSafetClassAnalyser.Vsix.csproj", "{5E86CA3F-1743-4533-9E66-15B6B5CBDD0D}"
EndProject
Project("{2150E333-8FDC-42A3-9474-1A3956D46DE8}") = "Solution Items", "Solution Items", "{02EA681E-C7D8-13C7-8484-4AC65E1B71E8}"
	ProjectSection(SolutionItems) = preProject
		.gitignore = .gitignore
	EndProjectSection
EndProject
Project("{FAE04EC0-301F-11D3-BF4B-00C04F79EFBC}") = "DummyApp", "DummyApp\DummyApp.csproj", "{E7303145-FA97-4101-8A28-31BBD24BC7D0}"
EndProject
Global
	GlobalSection(SolutionConfigurationPlatforms) = preSolution
		Debug|Any CPU = Debug|Any CPU
		Release|Any CPU = Release|Any CPU
	EndGlobalSection
	GlobalSection(ProjectConfigurationPlatforms) = postSolution
		{0CB8F14D-EDDF-488C-BB98-5BCA07759CE3}.Debug|Any CPU.ActiveCfg = Debug|Any CPU
		{0CB8F14D-EDDF-488C-BB98-5BCA07759CE3}.Debug|Any CPU.Build.0 = Debug|Any CPU
		{0CB8F14D-EDDF-488C-BB98-5BCA07759CE3}.Release|Any CPU.ActiveCfg = Release|Any CPU
		{0CB8F14D-EDDF-488C-BB98-5BCA07759CE3}.Release|Any CPU.Build.0 = Release|Any CPU
		{6406FB27-43C6-4016-87E0-BB930E0CF5AC}.Debug|Any CPU.ActiveCfg = Debug|Any CPU
		{6406FB27-43C6-4016-87E0-BB930E0CF5AC}.Debug|Any CPU.Build.0 = Debug|Any CPU
		{6406FB27-43C6-4016-87E0-BB930E0CF5AC}.Release|Any CPU.ActiveCfg = Release|Any CPU
		{6406FB27-43C6-4016-87E0-BB930E0CF5AC}.Release|Any CPU.Build.0 = Release|Any CPU
		{EC7A11C2-B37A-4C35-81DB-33F2A82EAE36}.Debug|Any CPU.ActiveCfg = Debug|Any CPU
		{EC7A11C2-B37A-4C35-81DB-33F2A82EAE36}.Debug|Any CPU.Build.0 = Debug|Any CPU
		{EC7A11C2-B37A-4C35-81DB-33F2A82EAE36}.Release|Any CPU.ActiveCfg = Release|Any CPU
		{EC7A11C2-B37A-4C35-81DB-33F2A82EAE36}.Release|Any CPU.Build.0 = Release|Any CPU
		{558A2FE3-5D6D-484F-AB7A-EF824B7F45FB}.Debug|Any CPU.ActiveCfg = Debug|Any CPU
		{558A2FE3-5D6D-484F-AB7A-EF824B7F45FB}.Debug|Any CPU.Build.0 = Debug|Any CPU
		{558A2FE3-5D6D-484F-AB7A-EF824B7F45FB}.Release|Any CPU.ActiveCfg = Release|Any CPU
		{558A2FE3-5D6D-484F-AB7A-EF824B7F45FB}.Release|Any CPU.Build.0 = Release|Any CPU
		{5E86CA3F-1743-4533-9E66-15B6B5CBDD0D}.Debug|Any CPU.ActiveCfg = Debug|Any CPU
		{5E86CA3F-1743-4533-9E66-15B6B5CBDD0D}.Debug|Any CPU.Build.0 = Debug|Any CPU
		{5E86CA3F-1743-4533-9E66-15B6B5CBDD0D}.Release|Any CPU.ActiveCfg = Release|Any CPU
		{5E86CA3F-1743-4533-9E66-15B6B5CBDD0D}.Release|Any CPU.Build.0 = Release|Any CPU
		{E7303145-FA97-4101-8A28-31BBD24BC7D0}.Debug|Any CPU.ActiveCfg = Debug|Any CPU
		{E7303145-FA97-4101-8A28-31BBD24BC7D0}.Debug|Any CPU.Build.0 = Debug|Any CPU
		{E7303145-FA97-4101-8A28-31BBD24BC7D0}.Release|Any CPU.ActiveCfg = Release|Any CPU
		{E7303145-FA97-4101-8A28-31BBD24BC7D0}.Release|Any CPU.Build.0 = Release|Any CPU
	EndGlobalSection
	GlobalSection(SolutionProperties) = preSolution
		HideSolutionNode = FALSE
	EndGlobalSection
	GlobalSection(ExtensibilityGlobals) = postSolution
		SolutionGuid = {AFF4EBE4-B430-49AE-8A29-104519C4B928}
	EndGlobalSection
EndGlobal
